
Microsoft Visual Studio Solution File, Format Version 12.00
# Visual Studio Version 16
VisualStudioVersion = 16.0.32802.440
MinimumVisualStudioVersion = 10.0.40219.1
Project("{9A19103F-16F7-4668-BE54-9A1E7A4F7556}") = "Bs.Main.FrontEnd.ChequeTracker", "Bs.Main.FrontEnd.Cheque\Bs.Main.FrontEnd.ChequeTracker.csproj", "{AC0C94C7-24BB-4142-81D2-24CED86CBDE8}"
EndProject
Project("{9A19103F-16F7-4668-BE54-9A1E7A4F7556}") = "Bs.CheckApp.Domain", "Bs.CheckApp.Domain\Bs.CheckApp.Domain.csproj", "{821F478B-2069-42B1-927F-5BCD396C3511}"
EndProject
Project("{9A19103F-16F7-4668-BE54-9A1E7A4F7556}") = "Bs.CheckApp.ServiceLayer.Files", "Bs.CheckApp.ServiceLayer.Files\Bs.CheckApp.ServiceLayer.Files.csproj", "{B0BE1A01-ACC8-4FBA-A32F-CE259F8EA0C2}"
EndProject
Project("{9A19103F-16F7-4668-BE54-9A1E7A4F7556}") = "Bs.CheckApp.Persistence", "Bs.CheckApp.Persistence\Bs.CheckApp.Persistence.csproj", "{EF77D1F0-F58D-4E96-93B8-D99593E9AC23}"
EndProject
Project("{9A19103F-16F7-4668-BE54-9A1E7A4F7556}") = "Bs.CheckApp.ServiceLayer.EfCore", "Bs.CheckApp.ServiceLayer.EfCore\Bs.CheckApp.ServiceLayer.EfCore.csproj", "{2B8CC5F5-3CA7-4A1C-B584-225235C5DAA9}"
EndProject
Project("{2150E333-8FDC-42A3-9474-1A3956D46DE8}") = "CheckApp", "CheckApp", "{17C0FCD6-FF92-4247-9121-D028791633F1}"
EndProject
Project("{9A19103F-16F7-4668-BE54-9A1E7A4F7556}") = "Bs.CheckApp.ServiceLayer.EfCoreTests", "Bs.CheckApp.ServiceLayer.EfCoreTests\Bs.CheckApp.ServiceLayer.EfCoreTests.csproj", "{8F50918F-B48D-4119-B6FC-23A9AF0F9679}"
EndProject
Project("{2150E333-8FDC-42A3-9474-1A3956D46DE8}") = "Modules", "Modules", "{C6A24351-EB50-453E-8A56-18E65EDB44C3}"
EndProject
Project("{9A19103F-16F7-4668-BE54-9A1E7A4F7556}") = "Bs.Common", "Bs.Common\Bs.Common.csproj", "{22C915D1-877E-4C97-8252-09F7A92477A7}"
EndProject
Project("{9A19103F-16F7-4668-BE54-9A1E7A4F7556}") = "Bs.Main", "Bs.Main\Bs.Main.csproj", "{CC92AE54-FDF2-4BF7-8530-C1498110776D}"
EndProject
Project("{FAE04EC0-301F-11D3-BF4B-00C04F79EFBC}") = "Bs.Masterlists.FrontEnd", "Bs.Masterlists.FrontEnd\Bs.Masterlists.FrontEnd.csproj", "{992ED3C8-E855-4749-B75B-2B352FE67459}"
EndProject
Project("{FAE04EC0-301F-11D3-BF4B-00C04F79EFBC}") = "Bs.Vouchers.FrontEnd", "Bs.Vouchers.FrontEnd\Bs.Vouchers.FrontEnd.csproj", "{D6ACD78F-4F02-4BF7-BD22-E06BAD0155E4}"
EndProject
Global
	GlobalSection(SolutionConfigurationPlatforms) = preSolution
		Debug|Any CPU = Debug|Any CPU
		Release|Any CPU = Release|Any CPU
	EndGlobalSection
	GlobalSection(ProjectConfigurationPlatforms) = postSolution
		{AC0C94C7-24BB-4142-81D2-24CED86CBDE8}.Debug|Any CPU.ActiveCfg = Debug|Any CPU
		{AC0C94C7-24BB-4142-81D2-24CED86CBDE8}.Debug|Any CPU.Build.0 = Debug|Any CPU
		{AC0C94C7-24BB-4142-81D2-24CED86CBDE8}.Release|Any CPU.ActiveCfg = Release|Any CPU
		{AC0C94C7-24BB-4142-81D2-24CED86CBDE8}.Release|Any CPU.Build.0 = Release|Any CPU
		{821F478B-2069-42B1-927F-5BCD396C3511}.Debug|Any CPU.ActiveCfg = Debug|Any CPU
		{821F478B-2069-42B1-927F-5BCD396C3511}.Debug|Any CPU.Build.0 = Debug|Any CPU
		{821F478B-2069-42B1-927F-5BCD396C3511}.Release|Any CPU.ActiveCfg = Release|Any CPU
		{821F478B-2069-42B1-927F-5BCD396C3511}.Release|Any CPU.Build.0 = Release|Any CPU
		{B0BE1A01-ACC8-4FBA-A32F-CE259F8EA0C2}.Debug|Any CPU.ActiveCfg = Debug|Any CPU
		{B0BE1A01-ACC8-4FBA-A32F-CE259F8EA0C2}.Debug|Any CPU.Build.0 = Debug|Any CPU
		{B0BE1A01-ACC8-4FBA-A32F-CE259F8EA0C2}.Release|Any CPU.ActiveCfg = Release|Any CPU
		{B0BE1A01-ACC8-4FBA-A32F-CE259F8EA0C2}.Release|Any CPU.Build.0 = Release|Any CPU
		{EF77D1F0-F58D-4E96-93B8-D99593E9AC23}.Debug|Any CPU.ActiveCfg = Debug|Any CPU
		{EF77D1F0-F58D-4E96-93B8-D99593E9AC23}.Debug|Any CPU.Build.0 = Debug|Any CPU
		{EF77D1F0-F58D-4E96-93B8-D99593E9AC23}.Release|Any CPU.ActiveCfg = Release|Any CPU
		{EF77D1F0-F58D-4E96-93B8-D99593E9AC23}.Release|Any CPU.Build.0 = Release|Any CPU
		{2B8CC5F5-3CA7-4A1C-B584-225235C5DAA9}.Debug|Any CPU.ActiveCfg = Debug|Any CPU
		{2B8CC5F5-3CA7-4A1C-B584-225235C5DAA9}.Debug|Any CPU.Build.0 = Debug|Any CPU
		{2B8CC5F5-3CA7-4A1C-B584-225235C5DAA9}.Release|Any CPU.ActiveCfg = Release|Any CPU
		{2B8CC5F5-3CA7-4A1C-B584-225235C5DAA9}.Release|Any CPU.Build.0 = Release|Any CPU
		{8F50918F-B48D-4119-B6FC-23A9AF0F9679}.Debug|Any CPU.ActiveCfg = Debug|Any CPU
		{8F50918F-B48D-4119-B6FC-23A9AF0F9679}.Debug|Any CPU.Build.0 = Debug|Any CPU
		{8F50918F-B48D-4119-B6FC-23A9AF0F9679}.Release|Any CPU.ActiveCfg = Release|Any CPU
		{8F50918F-B48D-4119-B6FC-23A9AF0F9679}.Release|Any CPU.Build.0 = Release|Any CPU
		{22C915D1-877E-4C97-8252-09F7A92477A7}.Debug|Any CPU.ActiveCfg = Debug|Any CPU
		{22C915D1-877E-4C97-8252-09F7A92477A7}.Debug|Any CPU.Build.0 = Debug|Any CPU
		{22C915D1-877E-4C97-8252-09F7A92477A7}.Release|Any CPU.ActiveCfg = Release|Any CPU
		{22C915D1-877E-4C97-8252-09F7A92477A7}.Release|Any CPU.Build.0 = Release|Any CPU
		{CC92AE54-FDF2-4BF7-8530-C1498110776D}.Debug|Any CPU.ActiveCfg = Debug|Any CPU
		{CC92AE54-FDF2-4BF7-8530-C1498110776D}.Debug|Any CPU.Build.0 = Debug|Any CPU
		{CC92AE54-FDF2-4BF7-8530-C1498110776D}.Release|Any CPU.ActiveCfg = Release|Any CPU
		{CC92AE54-FDF2-4BF7-8530-C1498110776D}.Release|Any CPU.Build.0 = Release|Any CPU
		{992ED3C8-E855-4749-B75B-2B352FE67459}.Debug|Any CPU.ActiveCfg = Debug|Any CPU
		{992ED3C8-E855-4749-B75B-2B352FE67459}.Debug|Any CPU.Build.0 = Debug|Any CPU
		{992ED3C8-E855-4749-B75B-2B352FE67459}.Release|Any CPU.ActiveCfg = Release|Any CPU
		{992ED3C8-E855-4749-B75B-2B352FE67459}.Release|Any CPU.Build.0 = Release|Any CPU
		{D6ACD78F-4F02-4BF7-BD22-E06BAD0155E4}.Debug|Any CPU.ActiveCfg = Debug|Any CPU
		{D6ACD78F-4F02-4BF7-BD22-E06BAD0155E4}.Debug|Any CPU.Build.0 = Debug|Any CPU
		{D6ACD78F-4F02-4BF7-BD22-E06BAD0155E4}.Release|Any CPU.ActiveCfg = Release|Any CPU
		{D6ACD78F-4F02-4BF7-BD22-E06BAD0155E4}.Release|Any CPU.Build.0 = Release|Any CPU
	EndGlobalSection
	GlobalSection(SolutionProperties) = preSolution
		HideSolutionNode = FALSE
	EndGlobalSection
	GlobalSection(NestedProjects) = preSolution
		{AC0C94C7-24BB-4142-81D2-24CED86CBDE8} = {17C0FCD6-FF92-4247-9121-D028791633F1}
		{821F478B-2069-42B1-927F-5BCD396C3511} = {17C0FCD6-FF92-4247-9121-D028791633F1}
		{B0BE1A01-ACC8-4FBA-A32F-CE259F8EA0C2} = {17C0FCD6-FF92-4247-9121-D028791633F1}
		{EF77D1F0-F58D-4E96-93B8-D99593E9AC23} = {17C0FCD6-FF92-4247-9121-D028791633F1}
		{2B8CC5F5-3CA7-4A1C-B584-225235C5DAA9} = {17C0FCD6-FF92-4247-9121-D028791633F1}
		{8F50918F-B48D-4119-B6FC-23A9AF0F9679} = {17C0FCD6-FF92-4247-9121-D028791633F1}
		{22C915D1-877E-4C97-8252-09F7A92477A7} = {C6A24351-EB50-453E-8A56-18E65EDB44C3}
	EndGlobalSection
	GlobalSection(ExtensibilityGlobals) = postSolution
		SolutionGuid = {46F6692E-FD8B-40A3-8A19-DD8EE2520184}
	EndGlobalSection
EndGlobal
